// !$*UTF8*$!
{
	archiveVersion = 1;
	classes = {
	};
	objectVersion = 48;
	objects = {

/* Begin PBXBuildFile section */
		565765981FD350FB005781C5 /* MessageViewController.swift in Sources */ = {isa = PBXBuildFile; fileRef = 565765971FD350FB005781C5 /* MessageViewController.swift */; };
		5657659A1FD35845005781C5 /* CustomButton.swift in Sources */ = {isa = PBXBuildFile; fileRef = 565765991FD35845005781C5 /* CustomButton.swift */; };
		56CDC0ED1FD24E8400003EB1 /* AppDelegate.swift in Sources */ = {isa = PBXBuildFile; fileRef = 56CDC0EC1FD24E8400003EB1 /* AppDelegate.swift */; };
		56CDC0EF1FD24E8400003EB1 /* ViewController.swift in Sources */ = {isa = PBXBuildFile; fileRef = 56CDC0EE1FD24E8400003EB1 /* ViewController.swift */; };
		56CDC0F21FD24E8400003EB1 /* Main.storyboard in Resources */ = {isa = PBXBuildFile; fileRef = 56CDC0F01FD24E8400003EB1 /* Main.storyboard */; };
		56CDC0F41FD24E8400003EB1 /* Assets.xcassets in Resources */ = {isa = PBXBuildFile; fileRef = 56CDC0F31FD24E8400003EB1 /* Assets.xcassets */; };
		56CDC0F71FD24E8400003EB1 /* LaunchScreen.storyboard in Resources */ = {isa = PBXBuildFile; fileRef = 56CDC0F51FD24E8400003EB1 /* LaunchScreen.storyboard */; };
		56CDC1021FD24E8400003EB1 /* __MEN_iOSTests.swift in Sources */ = {isa = PBXBuildFile; fileRef = 56CDC1011FD24E8400003EB1 /* __MEN_iOSTests.swift */; };
		56CDC10D1FD24E8400003EB1 /* __MEN_iOSUITests.swift in Sources */ = {isa = PBXBuildFile; fileRef = 56CDC10C1FD24E8400003EB1 /* __MEN_iOSUITests.swift */; };
/* End PBXBuildFile section */

/* Begin PBXContainerItemProxy section */
		56CDC0FE1FD24E8400003EB1 /* PBXContainerItemProxy */ = {
			isa = PBXContainerItemProxy;
			containerPortal = 56CDC0E11FD24E8400003EB1 /* Project object */;
			proxyType = 1;
			remoteGlobalIDString = 56CDC0E81FD24E8400003EB1;
			remoteInfo = "6-MEN_iOS";
		};
		56CDC1091FD24E8400003EB1 /* PBXContainerItemProxy */ = {
			isa = PBXContainerItemProxy;
			containerPortal = 56CDC0E11FD24E8400003EB1 /* Project object */;
			proxyType = 1;
			remoteGlobalIDString = 56CDC0E81FD24E8400003EB1;
			remoteInfo = "6-MEN_iOS";
		};
/* End PBXContainerItemProxy section */

/* Begin PBXFileReference section */
		565765971FD350FB005781C5 /* MessageViewController.swift */ = {isa = PBXFileReference; lastKnownFileType = sourcecode.swift; path = MessageViewController.swift; sourceTree = "<group>"; };
		565765991FD35845005781C5 /* CustomButton.swift */ = {isa = PBXFileReference; lastKnownFileType = sourcecode.swift; path = CustomButton.swift; sourceTree = "<group>"; };
		56B52AEF1FD2D5EA003CC05D /* CoreLocation.framework */ = {isa = PBXFileReference; lastKnownFileType = wrapper.framework; name = CoreLocation.framework; path = System/Library/Frameworks/CoreLocation.framework; sourceTree = SDKROOT; };
		56CDC0E91FD24E8400003EB1 /* 6-MEN_iOS.app */ = {isa = PBXFileReference; explicitFileType = wrapper.application; includeInIndex = 0; path = "6-MEN_iOS.app"; sourceTree = BUILT_PRODUCTS_DIR; };
		56CDC0EC1FD24E8400003EB1 /* AppDelegate.swift */ = {isa = PBXFileReference; lastKnownFileType = sourcecode.swift; path = AppDelegate.swift; sourceTree = "<group>"; };
		56CDC0EE1FD24E8400003EB1 /* ViewController.swift */ = {isa = PBXFileReference; lastKnownFileType = sourcecode.swift; path = ViewController.swift; sourceTree = "<group>"; };
		56CDC0F11FD24E8400003EB1 /* Base */ = {isa = PBXFileReference; lastKnownFileType = file.storyboard; name = Base; path = Base.lproj/Main.storyboard; sourceTree = "<group>"; };
		56CDC0F31FD24E8400003EB1 /* Assets.xcassets */ = {isa = PBXFileReference; lastKnownFileType = folder.assetcatalog; path = Assets.xcassets; sourceTree = "<group>"; };
		56CDC0F61FD24E8400003EB1 /* Base */ = {isa = PBXFileReference; lastKnownFileType = file.storyboard; name = Base; path = Base.lproj/LaunchScreen.storyboard; sourceTree = "<group>"; };
		56CDC0F81FD24E8400003EB1 /* Info.plist */ = {isa = PBXFileReference; lastKnownFileType = text.plist.xml; path = Info.plist; sourceTree = "<group>"; };
		56CDC0FD1FD24E8400003EB1 /* 6-MEN_iOSTests.xctest */ = {isa = PBXFileReference; explicitFileType = wrapper.cfbundle; includeInIndex = 0; path = "6-MEN_iOSTests.xctest"; sourceTree = BUILT_PRODUCTS_DIR; };
		56CDC1011FD24E8400003EB1 /* __MEN_iOSTests.swift */ = {isa = PBXFileReference; lastKnownFileType = sourcecode.swift; path = __MEN_iOSTests.swift; sourceTree = "<group>"; };
		56CDC1031FD24E8400003EB1 /* Info.plist */ = {isa = PBXFileReference; lastKnownFileType = text.plist.xml; path = Info.plist; sourceTree = "<group>"; };
		56CDC1081FD24E8400003EB1 /* 6-MEN_iOSUITests.xctest */ = {isa = PBXFileReference; explicitFileType = wrapper.cfbundle; includeInIndex = 0; path = "6-MEN_iOSUITests.xctest"; sourceTree = BUILT_PRODUCTS_DIR; };
		56CDC10C1FD24E8400003EB1 /* __MEN_iOSUITests.swift */ = {isa = PBXFileReference; lastKnownFileType = sourcecode.swift; path = __MEN_iOSUITests.swift; sourceTree = "<group>"; };
		56CDC10E1FD24E8500003EB1 /* Info.plist */ = {isa = PBXFileReference; lastKnownFileType = text.plist.xml; path = Info.plist; sourceTree = "<group>"; };
/* End PBXFileReference section */

/* Begin PBXFrameworksBuildPhase section */
		56CDC0E61FD24E8400003EB1 /* Frameworks */ = {
			isa = PBXFrameworksBuildPhase;
			buildActionMask = 2147483647;
			files = (
			);
			runOnlyForDeploymentPostprocessing = 0;
		};
		56CDC0FA1FD24E8400003EB1 /* Frameworks */ = {
			isa = PBXFrameworksBuildPhase;
			buildActionMask = 2147483647;
			files = (
			);
			runOnlyForDeploymentPostprocessing = 0;
		};
		56CDC1051FD24E8400003EB1 /* Frameworks */ = {
			isa = PBXFrameworksBuildPhase;
			buildActionMask = 2147483647;
			files = (
			);
			runOnlyForDeploymentPostprocessing = 0;
		};
/* End PBXFrameworksBuildPhase section */

/* Begin PBXGroup section */
		56B52AEE1FD2D5EA003CC05D /* Frameworks */ = {
			isa = PBXGroup;
			children = (
				56B52AEF1FD2D5EA003CC05D /* CoreLocation.framework */,
			);
			name = Frameworks;
			sourceTree = "<group>";
		};
		56CDC0E01FD24E8400003EB1 = {
			isa = PBXGroup;
			children = (
				56CDC0EB1FD24E8400003EB1 /* 6-MEN_iOS */,
				56CDC1001FD24E8400003EB1 /* 6-MEN_iOSTests */,
				56CDC10B1FD24E8400003EB1 /* 6-MEN_iOSUITests */,
				56CDC0EA1FD24E8400003EB1 /* Products */,
				56B52AEE1FD2D5EA003CC05D /* Frameworks */,
			);
			sourceTree = "<group>";
		};
		56CDC0EA1FD24E8400003EB1 /* Products */ = {
			isa = PBXGroup;
			children = (
				56CDC0E91FD24E8400003EB1 /* 6-MEN_iOS.app */,
				56CDC0FD1FD24E8400003EB1 /* 6-MEN_iOSTests.xctest */,
				56CDC1081FD24E8400003EB1 /* 6-MEN_iOSUITests.xctest */,
			);
			name = Products;
			sourceTree = "<group>";
		};
		56CDC0EB1FD24E8400003EB1 /* 6-MEN_iOS */ = {
			isa = PBXGroup;
			children = (
				56CDC0EC1FD24E8400003EB1 /* AppDelegate.swift */,
				56CDC0EE1FD24E8400003EB1 /* ViewController.swift */,
				56CDC0F01FD24E8400003EB1 /* Main.storyboard */,
				56CDC0F31FD24E8400003EB1 /* Assets.xcassets */,
				56CDC0F51FD24E8400003EB1 /* LaunchScreen.storyboard */,
				56CDC0F81FD24E8400003EB1 /* Info.plist */,
				565765971FD350FB005781C5 /* MessageViewController.swift */,
				565765991FD35845005781C5 /* CustomButton.swift */,
			);
			path = "6-MEN_iOS";
			sourceTree = "<group>";
		};
		56CDC1001FD24E8400003EB1 /* 6-MEN_iOSTests */ = {
			isa = PBXGroup;
			children = (
				56CDC1011FD24E8400003EB1 /* __MEN_iOSTests.swift */,
				56CDC1031FD24E8400003EB1 /* Info.plist */,
			);
			path = "6-MEN_iOSTests";
			sourceTree = "<group>";
		};
		56CDC10B1FD24E8400003EB1 /* 6-MEN_iOSUITests */ = {
			isa = PBXGroup;
			children = (
				56CDC10C1FD24E8400003EB1 /* __MEN_iOSUITests.swift */,
				56CDC10E1FD24E8500003EB1 /* Info.plist */,
			);
			path = "6-MEN_iOSUITests";
			sourceTree = "<group>";
		};
/* End PBXGroup section */

/* Begin PBXNativeTarget section */
		56CDC0E81FD24E8400003EB1 /* 6-MEN_iOS */ = {
			isa = PBXNativeTarget;
			buildConfigurationList = 56CDC1111FD24E8500003EB1 /* Build configuration list for PBXNativeTarget "6-MEN_iOS" */;
			buildPhases = (
				56CDC0E51FD24E8400003EB1 /* Sources */,
				56CDC0E61FD24E8400003EB1 /* Frameworks */,
				56CDC0E71FD24E8400003EB1 /* Resources */,
			);
			buildRules = (
			);
			dependencies = (
			);
			name = "6-MEN_iOS";
			productName = "6-MEN_iOS";
			productReference = 56CDC0E91FD24E8400003EB1 /* 6-MEN_iOS.app */;
			productType = "com.apple.product-type.application";
		};
		56CDC0FC1FD24E8400003EB1 /* 6-MEN_iOSTests */ = {
			isa = PBXNativeTarget;
			buildConfigurationList = 56CDC1141FD24E8500003EB1 /* Build configuration list for PBXNativeTarget "6-MEN_iOSTests" */;
			buildPhases = (
				56CDC0F91FD24E8400003EB1 /* Sources */,
				56CDC0FA1FD24E8400003EB1 /* Frameworks */,
				56CDC0FB1FD24E8400003EB1 /* Resources */,
			);
			buildRules = (
			);
			dependencies = (
				56CDC0FF1FD24E8400003EB1 /* PBXTargetDependency */,
			);
			name = "6-MEN_iOSTests";
			productName = "6-MEN_iOSTests";
			productReference = 56CDC0FD1FD24E8400003EB1 /* 6-MEN_iOSTests.xctest */;
			productType = "com.apple.product-type.bundle.unit-test";
		};
		56CDC1071FD24E8400003EB1 /* 6-MEN_iOSUITests */ = {
			isa = PBXNativeTarget;
			buildConfigurationList = 56CDC1171FD24E8500003EB1 /* Build configuration list for PBXNativeTarget "6-MEN_iOSUITests" */;
			buildPhases = (
				56CDC1041FD24E8400003EB1 /* Sources */,
				56CDC1051FD24E8400003EB1 /* Frameworks */,
				56CDC1061FD24E8400003EB1 /* Resources */,
			);
			buildRules = (
			);
			dependencies = (
				56CDC10A1FD24E8400003EB1 /* PBXTargetDependency */,
			);
			name = "6-MEN_iOSUITests";
			productName = "6-MEN_iOSUITests";
			productReference = 56CDC1081FD24E8400003EB1 /* 6-MEN_iOSUITests.xctest */;
			productType = "com.apple.product-type.bundle.ui-testing";
		};
/* End PBXNativeTarget section */

/* Begin PBXProject section */
		56CDC0E11FD24E8400003EB1 /* Project object */ = {
			isa = PBXProject;
			attributes = {
				LastSwiftUpdateCheck = 0900;
				LastUpgradeCheck = 0900;
				ORGANIZATIONNAME = "横田 貴之";
				TargetAttributes = {
					56CDC0E81FD24E8400003EB1 = {
						CreatedOnToolsVersion = 9.0.1;
						ProvisioningStyle = Automatic;
					};
					56CDC0FC1FD24E8400003EB1 = {
						CreatedOnToolsVersion = 9.0.1;
						ProvisioningStyle = Automatic;
						TestTargetID = 56CDC0E81FD24E8400003EB1;
					};
					56CDC1071FD24E8400003EB1 = {
						CreatedOnToolsVersion = 9.0.1;
						ProvisioningStyle = Automatic;
						TestTargetID = 56CDC0E81FD24E8400003EB1;
					};
				};
			};
			buildConfigurationList = 56CDC0E41FD24E8400003EB1 /* Build configuration list for PBXProject "6-MEN_iOS" */;
			compatibilityVersion = "Xcode 8.0";
			developmentRegion = en;
			hasScannedForEncodings = 0;
			knownRegions = (
				en,
				Base,
			);
			mainGroup = 56CDC0E01FD24E8400003EB1;
			productRefGroup = 56CDC0EA1FD24E8400003EB1 /* Products */;
			projectDirPath = "";
			projectRoot = "";
			targets = (
				56CDC0E81FD24E8400003EB1 /* 6-MEN_iOS */,
				56CDC0FC1FD24E8400003EB1 /* 6-MEN_iOSTests */,
				56CDC1071FD24E8400003EB1 /* 6-MEN_iOSUITests */,
			);
		};
/* End PBXProject section */

/* Begin PBXResourcesBuildPhase section */
		56CDC0E71FD24E8400003EB1 /* Resources */ = {
			isa = PBXResourcesBuildPhase;
			buildActionMask = 2147483647;
			files = (
				56CDC0F71FD24E8400003EB1 /* LaunchScreen.storyboard in Resources */,
				56CDC0F41FD24E8400003EB1 /* Assets.xcassets in Resources */,
				56CDC0F21FD24E8400003EB1 /* Main.storyboard in Resources */,
			);
			runOnlyForDeploymentPostprocessing = 0;
		};
		56CDC0FB1FD24E8400003EB1 /* Resources */ = {
			isa = PBXResourcesBuildPhase;
			buildActionMask = 2147483647;
			files = (
			);
			runOnlyForDeploymentPostprocessing = 0;
		};
		56CDC1061FD24E8400003EB1 /* Resources */ = {
			isa = PBXResourcesBuildPhase;
			buildActionMask = 2147483647;
			files = (
			);
			runOnlyForDeploymentPostprocessing = 0;
		};
/* End PBXResourcesBuildPhase section */

/* Begin PBXSourcesBuildPhase section */
		56CDC0E51FD24E8400003EB1 /* Sources */ = {
			isa = PBXSourcesBuildPhase;
			buildActionMask = 2147483647;
			files = (
				5657659A1FD35845005781C5 /* CustomButton.swift in Sources */,
				56CDC0EF1FD24E8400003EB1 /* ViewController.swift in Sources */,
				565765981FD350FB005781C5 /* MessageViewController.swift in Sources */,
				56CDC0ED1FD24E8400003EB1 /* AppDelegate.swift in Sources */,
			);
			runOnlyForDeploymentPostprocessing = 0;
		};
		56CDC0F91FD24E8400003EB1 /* Sources */ = {
			isa = PBXSourcesBuildPhase;
			buildActionMask = 2147483647;
			files = (
				56CDC1021FD24E8400003EB1 /* __MEN_iOSTests.swift in Sources */,
			);
			runOnlyForDeploymentPostprocessing = 0;
		};
		56CDC1041FD24E8400003EB1 /* Sources */ = {
			isa = PBXSourcesBuildPhase;
			buildActionMask = 2147483647;
			files = (
				56CDC10D1FD24E8400003EB1 /* __MEN_iOSUITests.swift in Sources */,
			);
			runOnlyForDeploymentPostprocessing = 0;
		};
/* End PBXSourcesBuildPhase section */

/* Begin PBXTargetDependency section */
		56CDC0FF1FD24E8400003EB1 /* PBXTargetDependency */ = {
			isa = PBXTargetDependency;
			target = 56CDC0E81FD24E8400003EB1 /* 6-MEN_iOS */;
			targetProxy = 56CDC0FE1FD24E8400003EB1 /* PBXContainerItemProxy */;
		};
		56CDC10A1FD24E8400003EB1 /* PBXTargetDependency */ = {
			isa = PBXTargetDependency;
			target = 56CDC0E81FD24E8400003EB1 /* 6-MEN_iOS */;
			targetProxy = 56CDC1091FD24E8400003EB1 /* PBXContainerItemProxy */;
		};
/* End PBXTargetDependency section */

/* Begin PBXVariantGroup section */
		56CDC0F01FD24E8400003EB1 /* Main.storyboard */ = {
			isa = PBXVariantGroup;
			children = (
				56CDC0F11FD24E8400003EB1 /* Base */,
			);
			name = Main.storyboard;
			sourceTree = "<group>";
		};
		56CDC0F51FD24E8400003EB1 /* LaunchScreen.storyboard */ = {
			isa = PBXVariantGroup;
			children = (
				56CDC0F61FD24E8400003EB1 /* Base */,
			);
			name = LaunchScreen.storyboard;
			sourceTree = "<group>";
		};
/* End PBXVariantGroup section */

/* Begin XCBuildConfiguration section */
		56CDC10F1FD24E8500003EB1 /* Debug */ = {
			isa = XCBuildConfiguration;
			buildSettings = {
				ALWAYS_SEARCH_USER_PATHS = NO;
				CLANG_ANALYZER_NONNULL = YES;
				CLANG_ANALYZER_NUMBER_OBJECT_CONVERSION = YES_AGGRESSIVE;
				CLANG_CXX_LANGUAGE_STANDARD = "gnu++14";
				CLANG_CXX_LIBRARY = "libc++";
				CLANG_ENABLE_MODULES = YES;
				CLANG_ENABLE_OBJC_ARC = YES;
				CLANG_WARN_BLOCK_CAPTURE_AUTORELEASING = YES;
				CLANG_WARN_BOOL_CONVERSION = YES;
				CLANG_WARN_COMMA = YES;
				CLANG_WARN_CONSTANT_CONVERSION = YES;
				CLANG_WARN_DIRECT_OBJC_ISA_USAGE = YES_ERROR;
				CLANG_WARN_DOCUMENTATION_COMMENTS = YES;
				CLANG_WARN_EMPTY_BODY = YES;
				CLANG_WARN_ENUM_CONVERSION = YES;
				CLANG_WARN_INFINITE_RECURSION = YES;
				CLANG_WARN_INT_CONVERSION = YES;
				CLANG_WARN_NON_LITERAL_NULL_CONVERSION = YES;
				CLANG_WARN_OBJC_LITERAL_CONVERSION = YES;
				CLANG_WARN_OBJC_ROOT_CLASS = YES_ERROR;
				CLANG_WARN_RANGE_LOOP_ANALYSIS = YES;
				CLANG_WARN_STRICT_PROTOTYPES = YES;
				CLANG_WARN_SUSPICIOUS_MOVE = YES;
				CLANG_WARN_UNGUARDED_AVAILABILITY = YES_AGGRESSIVE;
				CLANG_WARN_UNREACHABLE_CODE = YES;
				CLANG_WARN__DUPLICATE_METHOD_MATCH = YES;
				CODE_SIGN_IDENTITY = "iPhone Developer";
				COPY_PHASE_STRIP = NO;
				DEBUG_INFORMATION_FORMAT = dwarf;
				ENABLE_STRICT_OBJC_MSGSEND = YES;
				ENABLE_TESTABILITY = YES;
				GCC_C_LANGUAGE_STANDARD = gnu11;
				GCC_DYNAMIC_NO_PIC = NO;
				GCC_NO_COMMON_BLOCKS = YES;
				GCC_OPTIMIZATION_LEVEL = 0;
				GCC_PREPROCESSOR_DEFINITIONS = (
					"DEBUG=1",
					"$(inherited)",
				);
				GCC_WARN_64_TO_32_BIT_CONVERSION = YES;
				GCC_WARN_ABOUT_RETURN_TYPE = YES_ERROR;
				GCC_WARN_UNDECLARED_SELECTOR = YES;
				GCC_WARN_UNINITIALIZED_AUTOS = YES_AGGRESSIVE;
				GCC_WARN_UNUSED_FUNCTION = YES;
				GCC_WARN_UNUSED_VARIABLE = YES;
				IPHONEOS_DEPLOYMENT_TARGET = 11.0;
				MTL_ENABLE_DEBUG_INFO = YES;
				ONLY_ACTIVE_ARCH = YES;
				SDKROOT = iphoneos;
				SWIFT_ACTIVE_COMPILATION_CONDITIONS = DEBUG;
				SWIFT_OPTIMIZATION_LEVEL = "-Onone";
			};
			name = Debug;
		};
		56CDC1101FD24E8500003EB1 /* Release */ = {
			isa = XCBuildConfiguration;
			buildSettings = {
				ALWAYS_SEARCH_USER_PATHS = NO;
				CLANG_ANALYZER_NONNULL = YES;
				CLANG_ANALYZER_NUMBER_OBJECT_CONVERSION = YES_AGGRESSIVE;
				CLANG_CXX_LANGUAGE_STANDARD = "gnu++14";
				CLANG_CXX_LIBRARY = "libc++";
				CLANG_ENABLE_MODULES = YES;
				CLANG_ENABLE_OBJC_ARC = YES;
				CLANG_WARN_BLOCK_CAPTURE_AUTORELEASING = YES;
				CLANG_WARN_BOOL_CONVERSION = YES;
				CLANG_WARN_COMMA = YES;
				CLANG_WARN_CONSTANT_CONVERSION = YES;
				CLANG_WARN_DIRECT_OBJC_ISA_USAGE = YES_ERROR;
				CLANG_WARN_DOCUMENTATION_COMMENTS = YES;
				CLANG_WARN_EMPTY_BODY = YES;
				CLANG_WARN_ENUM_CONVERSION = YES;
				CLANG_WARN_INFINITE_RECURSION = YES;
				CLANG_WARN_INT_CONVERSION = YES;
				CLANG_WARN_NON_LITERAL_NULL_CONVERSION = YES;
				CLANG_WARN_OBJC_LITERAL_CONVERSION = YES;
				CLANG_WARN_OBJC_ROOT_CLASS = YES_ERROR;
				CLANG_WARN_RANGE_LOOP_ANALYSIS = YES;
				CLANG_WARN_STRICT_PROTOTYPES = YES;
				CLANG_WARN_SUSPICIOUS_MOVE = YES;
				CLANG_WARN_UNGUARDED_AVAILABILITY = YES_AGGRESSIVE;
				CLANG_WARN_UNREACHABLE_CODE = YES;
				CLANG_WARN__DUPLICATE_METHOD_MATCH = YES;
				CODE_SIGN_IDENTITY = "iPhone Developer";
				COPY_PHASE_STRIP = NO;
				DEBUG_INFORMATION_FORMAT = "dwarf-with-dsym";
				ENABLE_NS_ASSERTIONS = NO;
				ENABLE_STRICT_OBJC_MSGSEND = YES;
				GCC_C_LANGUAGE_STANDARD = gnu11;
				GCC_NO_COMMON_BLOCKS = YES;
				GCC_WARN_64_TO_32_BIT_CONVERSION = YES;
				GCC_WARN_ABOUT_RETURN_TYPE = YES_ERROR;
				GCC_WARN_UNDECLARED_SELECTOR = YES;
				GCC_WARN_UNINITIALIZED_AUTOS = YES_AGGRESSIVE;
				GCC_WARN_UNUSED_FUNCTION = YES;
				GCC_WARN_UNUSED_VARIABLE = YES;
				IPHONEOS_DEPLOYMENT_TARGET = 11.0;
				MTL_ENABLE_DEBUG_INFO = NO;
				SDKROOT = iphoneos;
				SWIFT_OPTIMIZATION_LEVEL = "-Owholemodule";
				VALIDATE_PRODUCT = YES;
			};
			name = Release;
		};
		56CDC1121FD24E8500003EB1 /* Debug */ = {
			isa = XCBuildConfiguration;
			buildSettings = {
				ASSETCATALOG_COMPILER_APPICON_NAME = AppIcon;
				"CODE_SIGN_IDENTITY[sdk=iphoneos*]" = "iPhone Developer";
				CODE_SIGN_STYLE = Automatic;
				DEVELOPMENT_TEAM = 59TC3WX7J6;
				INFOPLIST_FILE = "6-MEN_iOS/Info.plist";
				LD_RUNPATH_SEARCH_PATHS = "$(inherited) @executable_path/Frameworks";
				PRODUCT_BUNDLE_IDENTIFIER = com.6men.todokeru;
				PRODUCT_NAME = "$(TARGET_NAME)";
				PROVISIONING_PROFILE_SPECIFIER = "";
				SWIFT_VERSION = 4.0;
				TARGETED_DEVICE_FAMILY = "1,2";
			};
			name = Debug;
		};
		56CDC1131FD24E8500003EB1 /* Release */ = {
			isa = XCBuildConfiguration;
			buildSettings = {
				ASSETCATALOG_COMPILER_APPICON_NAME = AppIcon;
				"CODE_SIGN_IDENTITY[sdk=iphoneos*]" = "iPhone Developer";
				CODE_SIGN_STYLE = Automatic;
				DEVELOPMENT_TEAM = 59TC3WX7J6;
				INFOPLIST_FILE = "6-MEN_iOS/Info.plist";
				LD_RUNPATH_SEARCH_PATHS = "$(inherited) @executable_path/Frameworks";
				PRODUCT_BUNDLE_IDENTIFIER = com.6men.todokeru;
				PRODUCT_NAME = "$(TARGET_NAME)";
				PROVISIONING_PROFILE_SPECIFIER = "";
				SWIFT_VERSION = 4.0;
				TARGETED_DEVICE_FAMILY = "1,2";
			};
			name = Release;
		};
		56CDC1151FD24E8500003EB1 /* Debug */ = {
			isa = XCBuildConfiguration;
			buildSettings = {
				ALWAYS_EMBED_SWIFT_STANDARD_LIBRARIES = YES;
				BUNDLE_LOADER = "$(TEST_HOST)";
				CODE_SIGN_STYLE = Automatic;
				INFOPLIST_FILE = "6-MEN_iOSTests/Info.plist";
				LD_RUNPATH_SEARCH_PATHS = "$(inherited) @executable_path/Frameworks @loader_path/Frameworks";
				PRODUCT_BUNDLE_IDENTIFIER = "jp.co.protosolution.6-men.--MEN-iOSTests";
				PRODUCT_NAME = "$(TARGET_NAME)";
				SWIFT_VERSION = 4.0;
				TARGETED_DEVICE_FAMILY = "1,2";
				TEST_HOST = "$(BUILT_PRODUCTS_DIR)/6-MEN_iOS.app/6-MEN_iOS";
			};
			name = Debug;
		};
		56CDC1161FD24E8500003EB1 /* Release */ = {
			isa = XCBuildConfiguration;
			buildSettings = {
				ALWAYS_EMBED_SWIFT_STANDARD_LIBRARIES = YES;
				BUNDLE_LOADER = "$(TEST_HOST)";
				CODE_SIGN_STYLE = Automatic;
				INFOPLIST_FILE = "6-MEN_iOSTests/Info.plist";
				LD_RUNPATH_SEARCH_PATHS = "$(inherited) @executable_path/Frameworks @loader_path/Frameworks";
				PRODUCT_BUNDLE_IDENTIFIER = "jp.co.protosolution.6-men.--MEN-iOSTests";
				PRODUCT_NAME = "$(TARGET_NAME)";
				SWIFT_VERSION = 4.0;
				TARGETED_DEVICE_FAMILY = "1,2";
				TEST_HOST = "$(BUILT_PRODUCTS_DIR)/6-MEN_iOS.app/6-MEN_iOS";
			};
			name = Release;
		};
		56CDC1181FD24E8500003EB1 /* Debug */ = {
			isa = XCBuildConfiguration;
			buildSettings = {
				ALWAYS_EMBED_SWIFT_STANDARD_LIBRARIES = YES;
				CODE_SIGN_STYLE = Automatic;
				INFOPLIST_FILE = "6-MEN_iOSUITests/Info.plist";
				LD_RUNPATH_SEARCH_PATHS = "$(inherited) @executable_path/Frameworks @loader_path/Frameworks";
				PRODUCT_BUNDLE_IDENTIFIER = "jp.co.protosolution.6-men.--MEN-iOSUITests";
				PRODUCT_NAME = "$(TARGET_NAME)";
				SWIFT_VERSION = 4.0;
				TARGETED_DEVICE_FAMILY = "1,2";
				TEST_TARGET_NAME = "6-MEN_iOS";
			};
			name = Debug;
		};
		56CDC1191FD24E8500003EB1 /* Release */ = {
			isa = XCBuildConfiguration;
			buildSettings = {
				ALWAYS_EMBED_SWIFT_STANDARD_LIBRARIES = YES;
				CODE_SIGN_STYLE = Automatic;
				INFOPLIST_FILE = "6-MEN_iOSUITests/Info.plist";
				LD_RUNPATH_SEARCH_PATHS = "$(inherited) @executable_path/Frameworks @loader_path/Frameworks";
				PRODUCT_BUNDLE_IDENTIFIER = "jp.co.protosolution.6-men.--MEN-iOSUITests";
				PRODUCT_NAME = "$(TARGET_NAME)";
				SWIFT_VERSION = 4.0;
				TARGETED_DEVICE_FAMILY = "1,2";
				TEST_TARGET_NAME = "6-MEN_iOS";
			};
			name = Release;
		};
/* End XCBuildConfiguration section */

/* Begin XCConfigurationList section */
		56CDC0E41FD24E8400003EB1 /* Build configuration list for PBXProject "6-MEN_iOS" */ = {
			isa = XCConfigurationList;
			buildConfigurations = (
				56CDC10F1FD24E8500003EB1 /* Debug */,
				56CDC1101FD24E8500003EB1 /* Release */,
			);
			defaultConfigurationIsVisible = 0;
			defaultConfigurationName = Release;
		};
		56CDC1111FD24E8500003EB1 /* Build configuration list for PBXNativeTarget "6-MEN_iOS" */ = {
			isa = XCConfigurationList;
			buildConfigurations = (
				56CDC1121FD24E8500003EB1 /* Debug */,
				56CDC1131FD24E8500003EB1 /* Release */,
			);
			defaultConfigurationIsVisible = 0;
			defaultConfigurationName = Release;
		};
		56CDC1141FD24E8500003EB1 /* Build configuration list for PBXNativeTarget "6-MEN_iOSTests" */ = {
			isa = XCConfigurationList;
			buildConfigurations = (
				56CDC1151FD24E8500003EB1 /* Debug */,
				56CDC1161FD24E8500003EB1 /* Release */,
			);
			defaultConfigurationIsVisible = 0;
			defaultConfigurationName = Release;
		};
		56CDC1171FD24E8500003EB1 /* Build configuration list for PBXNativeTarget "6-MEN_iOSUITests" */ = {
			isa = XCConfigurationList;
			buildConfigurations = (
				56CDC1181FD24E8500003EB1 /* Debug */,
				56CDC1191FD24E8500003EB1 /* Release */,
			);
			defaultConfigurationIsVisible = 0;
			defaultConfigurationName = Release;
		};
/* End XCConfigurationList section */
	};
	rootObject = 56CDC0E11FD24E8400003EB1 /* Project object */;
}
